
Microsoft Visual Studio Solution File, Format Version 12.00
# Visual Studio 15
VisualStudioVersion = 15.0.26430.16
MinimumVisualStudioVersion = 10.0.40219.1
Project("{FAE04EC0-301F-11D3-BF4B-00C04F79EFBC}") = "BlockChainApi", "BlockChainApi\BlockChainApi.csproj", "{7D990084-3CA4-4797-AE73-3D58E416F1C4}"
EndProject
Project("{FAE04EC0-301F-11D3-BF4B-00C04F79EFBC}") = "BlockChain", "BlockChain\BlockChain.csproj", "{A7673E7A-4C49-45DE-A564-EF0ABB44D296}"
EndProject
Project("{FAE04EC0-301F-11D3-BF4B-00C04F79EFBC}") = "BlockChainTests", "BlockChainTests\BlockChainTests.csproj", "{AD376AEE-07C0-47C4-B362-8980D669DD1D}"
EndProject
Global
	GlobalSection(SolutionConfigurationPlatforms) = preSolution
		Debug|Any CPU = Debug|Any CPU
		Release|Any CPU = Release|Any CPU
	EndGlobalSection
	GlobalSection(ProjectConfigurationPlatforms) = postSolution
		{7D990084-3CA4-4797-AE73-3D58E416F1C4}.Debug|Any CPU.ActiveCfg = Debug|Any CPU
		{7D990084-3CA4-4797-AE73-3D58E416F1C4}.Debug|Any CPU.Build.0 = Debug|Any CPU
		{7D990084-3CA4-4797-AE73-3D58E416F1C4}.Release|Any CPU.ActiveCfg = Release|Any CPU
		{7D990084-3CA4-4797-AE73-3D58E416F1C4}.Release|Any CPU.Build.0 = Release|Any CPU
		{A7673E7A-4C49-45DE-A564-EF0ABB44D296}.Debug|Any CPU.ActiveCfg = Debug|Any CPU
		{A7673E7A-4C49-45DE-A564-EF0ABB44D296}.Debug|Any CPU.Build.0 = Debug|Any CPU
		{A7673E7A-4C49-45DE-A564-EF0ABB44D296}.Release|Any CPU.ActiveCfg = Release|Any CPU
		{A7673E7A-4C49-45DE-A564-EF0ABB44D296}.Release|Any CPU.Build.0 = Release|Any CPU
		{AD376AEE-07C0-47C4-B362-8980D669DD1D}.Debug|Any CPU.ActiveCfg = Debug|Any CPU
		{AD376AEE-07C0-47C4-B362-8980D669DD1D}.Debug|Any CPU.Build.0 = Debug|Any CPU
		{AD376AEE-07C0-47C4-B362-8980D669DD1D}.Release|Any CPU.ActiveCfg = Release|Any CPU
		{AD376AEE-07C0-47C4-B362-8980D669DD1D}.Release|Any CPU.Build.0 = Release|Any CPU
	EndGlobalSection
	GlobalSection(SolutionProperties) = preSolution
		HideSolutionNode = FALSE
	EndGlobalSection
EndGlobal
